<?xml version="1.0" encoding="utf-8"?>
<Project ToolsVersion="4.0" xmlns="http://schemas.microsoft.com/developer/msbuild/2003">
  <ItemGroup>
    <Filter Include="Source Files">
      <UniqueIdentifier>{4FC737F1-C7A5-4376-A066-2A32D752A2FF}</UniqueIdentifier>
      <Extensions>cpp;c;cc;cxx;def;odl;idl;hpj;bat;asm;asmx</Extensions>
    </Filter>
    <Filter Include="Header Files">
      <UniqueIdentifier>{93995380-89BD-4b04-88EB-625FBE52EBFB}</UniqueIdentifier>
      <Extensions>h;hh;hpp;hxx;hm;inl;inc;ipp;xsd</Extensions>
    </Filter>
    <Filter Include="Resource Files">
      <UniqueIdentifier>{67DA6AB6-F800-4c08-8B7A-83BB121AAD01}</UniqueIdentifier>
      <Extensions>rc;ico;cur;bmp;dlg;rc2;rct;bin;rgs;gif;jpg;jpeg;jpe;resx;tiff;tif;png;wav;mfcribbon-ms</Extensions>
    </Filter>
    <Filter Include="kiero">
      <UniqueIdentifier>{c914abae-6128-4a2a-8821-07a38f656930}</UniqueIdentifier>
    </Filter>
    <Filter Include="imgui">
      <UniqueIdentifier>{3ba57e14-8ac2-485a-b12c-f06690c43d6e}</UniqueIdentifier>
    </Filter>
    <Filter Include="Source Files\Main">
      <UniqueIdentifier>{e9de0afa-182d-470c-b2b2-6ad0a8e8466e}</UniqueIdentifier>
    </Filter>
    <Filter Include="Source Files\Main\UI">
      <UniqueIdentifier>{65a77500-1329-4d74-b981-4066be1fde06}</UniqueIdentifier>
    </Filter>
    <Filter Include="Source Files\Main\Variables">
      <UniqueIdentifier>{8ed05c08-0c59-49d7-b77e-9fe689856db8}</UniqueIdentifier>
    </Filter>
    <Filter Include="Source Files\Cheats">
      <UniqueIdentifier>{ec3da271-3f59-408d-875b-5fb1e3d90b4a}</UniqueIdentifier>
    </Filter>
    <Filter Include="Source Files\Cheats\Visual">
      <UniqueIdentifier>{5aeead73-f0ae-40bb-885f-a7a6024c99c0}</UniqueIdentifier>
    </Filter>
    <Filter Include="Source Files\Cheats\Helpers">
      <UniqueIdentifier>{e127e226-7baa-4ace-8635-d85dc2324cb7}</UniqueIdentifier>
    </Filter>
    <Filter Include="Source Files\Cheats\Helpers\mono">
      <UniqueIdentifier>{db306d81-6684-4d24-85da-c3f6a489d018}</UniqueIdentifier>
    </Filter>
    <Filter Include="Source Files\Cheats\Hooks">
      <UniqueIdentifier>{b8933d16-6f0f-4b1c-a8ac-ad25a5fe99fe}</UniqueIdentifier>
    </Filter>
    <Filter Include="Source Files\Cheats\Rage">
      <UniqueIdentifier>{772ebe67-9c0b-4fcd-ad63-8fbe5b8e5fce}</UniqueIdentifier>
    </Filter>
    <Filter Include="Source Files\Cheats\il2cpp">
      <UniqueIdentifier>{f354c89d-0e0f-402d-bb16-7f78305e61ec}</UniqueIdentifier>
    </Filter>
  </ItemGroup>
  <ItemGroup>
    <ClCompile Include="kiero\minhook\src\buffer.c">
      <Filter>kiero</Filter>
    </ClCompile>
    <ClCompile Include="kiero\minhook\src\hde\hde32.c">
      <Filter>kiero</Filter>
    </ClCompile>
    <ClCompile Include="kiero\minhook\src\hde\hde64.c">
      <Filter>kiero</Filter>
    </ClCompile>
    <ClCompile Include="kiero\minhook\src\hook.c">
      <Filter>kiero</Filter>
    </ClCompile>
    <ClCompile Include="kiero\kiero.cpp">
      <Filter>kiero</Filter>
    </ClCompile>
    <ClCompile Include="kiero\minhook\src\trampoline.c">
      <Filter>kiero</Filter>
    </ClCompile>
    <ClCompile Include="imgui\imgui.cpp">
      <Filter>imgui</Filter>
    </ClCompile>
    <ClCompile Include="imgui\imgui_demo.cpp">
      <Filter>imgui</Filter>
    </ClCompile>
    <ClCompile Include="imgui\imgui_draw.cpp">
      <Filter>imgui</Filter>
    </ClCompile>
    <ClCompile Include="imgui\imgui_impl_dx11.cpp">
      <Filter>imgui</Filter>
    </ClCompile>
    <ClCompile Include="imgui\imgui_impl_win32.cpp">
      <Filter>imgui</Filter>
    </ClCompile>
    <ClCompile Include="imgui\imgui_widgets.cpp">
      <Filter>imgui</Filter>
    </ClCompile>
    <ClCompile Include="main.cpp">
      <Filter>Source Files\Main</Filter>
    </ClCompile>
  </ItemGroup>
  <ItemGroup>
    <ResourceCompile Include="kiero\minhook\dll_resources\MinHook.rc">
      <Filter>Resource Files</Filter>
    </ResourceCompile>
  </ItemGroup>
  <ItemGroup>
    <ClInclude Include="kiero\minhook\src\buffer.h">
      <Filter>kiero</Filter>
    </ClInclude>
    <ClInclude Include="kiero\minhook\src\hde\hde32.h">
      <Filter>kiero</Filter>
    </ClInclude>
    <ClInclude Include="kiero\minhook\src\hde\hde64.h">
      <Filter>kiero</Filter>
    </ClInclude>
    <ClInclude Include="kiero\kiero.h">
      <Filter>kiero</Filter>
    </ClInclude>
    <ClInclude Include="kiero\minhook\include\MinHook.h">
      <Filter>kiero</Filter>
    </ClInclude>
    <ClInclude Include="kiero\minhook\src\hde\pstdint.h">
      <Filter>kiero</Filter>
    </ClInclude>
    <ClInclude Include="kiero\minhook\src\hde\table32.h">
      <Filter>kiero</Filter>
    </ClInclude>
    <ClInclude Include="kiero\minhook\src\hde\table64.h">
      <Filter>kiero</Filter>
    </ClInclude>
    <ClInclude Include="kiero\minhook\src\trampoline.h">
      <Filter>kiero</Filter>
    </ClInclude>
    <ClInclude Include="imgui\imconfig.h">
      <Filter>imgui</Filter>
    </ClInclude>
    <ClInclude Include="imgui\imgui.h">
      <Filter>imgui</Filter>
    </ClInclude>
    <ClInclude Include="imgui\imgui_impl_dx11.h">
      <Filter>imgui</Filter>
    </ClInclude>
    <ClInclude Include="imgui\imgui_impl_win32.h">
      <Filter>imgui</Filter>
    </ClInclude>
    <ClInclude Include="imgui\imgui_internal.h">
      <Filter>imgui</Filter>
    </ClInclude>
    <ClInclude Include="imgui\imstb_rectpack.h">
      <Filter>imgui</Filter>
    </ClInclude>
    <ClInclude Include="imgui\imstb_textedit.h">
      <Filter>imgui</Filter>
    </ClInclude>
    <ClInclude Include="imgui\imstb_truetype.h">
      <Filter>imgui</Filter>
    </ClInclude>
    <ClInclude Include="includes.h">
      <Filter>Header Files</Filter>
    </ClInclude>
    <ClInclude Include="UI\Keyboard.hpp">
      <Filter>Source Files\Main\UI</Filter>
    </ClInclude>
    <ClInclude Include="Variables\UI.h">
      <Filter>Source Files\Main\Variables</Filter>
    </ClInclude>
    <ClInclude Include="Cheats\Helpers\Helper.hpp">
      <Filter>Source Files\Cheats\Helpers</Filter>
    </ClInclude>
    <ClInclude Include="Cheats\Helpers\vector.hxx">
      <Filter>Source Files\Cheats\Helpers</Filter>
    </ClInclude>
    <ClInclude Include="UI\OnStartup.hpp">
      <Filter>Source Files\Main\UI</Filter>
    </ClInclude>
    <ClInclude Include="Cheats\Helpers\mono\mono_ellements.hxx">
      <Filter>Source Files\Cheats\Helpers\mono</Filter>
    </ClInclude>
    <ClInclude Include="Cheats\Helpers\mono\string.hxx">
      <Filter>Source Files\Cheats\Helpers\mono</Filter>
    </ClInclude>
    <ClInclude Include="Cheats\Helpers\mono\vector.hxx">
      <Filter>Source Files\Cheats\Helpers\mono</Filter>
    </ClInclude>
    <ClInclude Include="Cheats\Hooks\Hooks.hpp">
      <Filter>Source Files\Cheats\Hooks</Filter>
    </ClInclude>
    <ClInclude Include="UI\KeyBinds.hpp">
      <Filter>Source Files\Main\UI</Filter>
    </ClInclude>
    <ClInclude Include="UI\BindInfo.hpp">
      <Filter>Source Files\Main\UI</Filter>
    </ClInclude>
    <ClInclude Include="UI\UI.hpp">
      <Filter>Source Files\Main\UI</Filter>
    </ClInclude>
    <ClInclude Include="Cheats\Visual\Esp.hpp">
      <Filter>Source Files\Cheats\Visual</Filter>
    </ClInclude>
    <ClInclude Include="Cheats\il2cpp\il2cpp.h">
      <Filter>Source Files\Cheats\il2cpp</Filter>
    </ClInclude>
    <ClInclude Include="Cheats\Helpers\AmongStruct.hpp">
      <Filter>Source Files\Cheats\Helpers</Filter>
    </ClInclude>
    <ClInclude Include="Cheats\Rage\task_hack.hpp">
      <Filter>Source Files\Cheats\Rage</Filter>
    </ClInclude>
    <ClInclude Include="UI\Blur.hpp">
      <Filter>Source Files\Main\UI</Filter>
    </ClInclude>
    <ClInclude Include="Cheats\Rage\rename_all.hpp">
      <Filter>Source Files\Cheats\Rage</Filter>
    </ClInclude>
    <ClInclude Include="Cheats\Rage\randcolor_all.hpp">
      <Filter>Source Files\Cheats\Rage</Filter>
    </ClInclude>
    <ClInclude Include="Cheats\Visual\RoleHack.hpp">
      <Filter>Source Files\Cheats\Visual</Filter>
    </ClInclude>
    <ClInclude Include="UI\Font.h">
      <Filter>Source Files\Main\UI</Filter>
    </ClInclude>
    <ClInclude Include="Cheats\Rage\ctrl_tp.hpp">
      <Filter>Source Files\Cheats\Rage</Filter>
    </ClInclude>
    <ClInclude Include="Cheats\Rage\speed.hpp">
      <Filter>Source Files\Cheats\Rage</Filter>
    </ClInclude>
    <ClInclude Include="Cheats\Rage\vanish.hpp">
      <Filter>Source Files\Cheats\Rage</Filter>
    </ClInclude>
    <ClInclude Include="Cheats\Rage\send_ads.hpp">
      <Filter>Source Files\Cheats\Rage</Filter>
    </ClInclude>
    <ClInclude Include="UI\Notification.hpp">
      <Filter>Source Files\Main\UI</Filter>
    </ClInclude>
    <ClInclude Include="Cheats\Rage\noclip.hpp">
      <Filter>Source Files\Cheats\Rage</Filter>
    </ClInclude>
    <ClInclude Include="Variables\Astrals.h">
      <Filter>Source Files\Main\Variables</Filter>
    </ClInclude>
    <ClInclude Include="Variables\mihail2.h">
      <Filter>Source Files\Main\Variables</Filter>
    </ClInclude>
    <ClInclude Include="Cheats\Visual\Trail.hpp">
      <Filter>Source Files\Cheats\Visual</Filter>
    </ClInclude>
  </ItemGroup>
  <ItemGroup>
    <None Include="kiero\minhook\dll_resources\MinHook.def">
      <Filter>kiero</Filter>
    </None>
  </ItemGroup>
</Project>